
Microsoft Visual Studio Solution File, Format Version 12.00
# Visual Studio Version 16
VisualStudioVersion = 16.0.30128.74
MinimumVisualStudioVersion = 10.0.40219.1
Project("{FAE04EC0-301F-11D3-BF4B-00C04F79EFBC}") = "SuckLaundry", "SuckLaundry\SuckLaundry.csproj", "{635C17D1-660C-44AE-9A35-B0B168FD6C2D}"
EndProject
Project("{FAE04EC0-301F-11D3-BF4B-00C04F79EFBC}") = "SuckLaundryTest", "SuckLaundryTest\SuckLaundryTest.csproj", "{D92CD000-7833-43C0-9D73-9D38BC8BB04C}"
EndProject
Global
	GlobalSection(SolutionConfigurationPlatforms) = preSolution
		Debug|Any CPU = Debug|Any CPU
		Release|Any CPU = Release|Any CPU
	EndGlobalSection
	GlobalSection(ProjectConfigurationPlatforms) = postSolution
		{635C17D1-660C-44AE-9A35-B0B168FD6C2D}.Debug|Any CPU.ActiveCfg = Debug|Any CPU
		{635C17D1-660C-44AE-9A35-B0B168FD6C2D}.Debug|Any CPU.Build.0 = Debug|Any CPU
		{635C17D1-660C-44AE-9A35-B0B168FD6C2D}.Release|Any CPU.ActiveCfg = Release|Any CPU
		{635C17D1-660C-44AE-9A35-B0B168FD6C2D}.Release|Any CPU.Build.0 = Release|Any CPU
		{D92CD000-7833-43C0-9D73-9D38BC8BB04C}.Debug|Any CPU.ActiveCfg = Debug|Any CPU
		{D92CD000-7833-43C0-9D73-9D38BC8BB04C}.Debug|Any CPU.Build.0 = Debug|Any CPU
		{D92CD000-7833-43C0-9D73-9D38BC8BB04C}.Release|Any CPU.ActiveCfg = Release|Any CPU
		{D92CD000-7833-43C0-9D73-9D38BC8BB04C}.Release|Any CPU.Build.0 = Release|Any CPU
	EndGlobalSection
	GlobalSection(SolutionProperties) = preSolution
		HideSolutionNode = FALSE
	EndGlobalSection
	GlobalSection(ExtensibilityGlobals) = postSolution
		SolutionGuid = {D414C696-DF9C-4605-9CEC-C27209CD408E}
	EndGlobalSection
EndGlobal
